// !$*UTF8*$!
{
	archiveVersion = 1;
	classes = {
	};
	objectVersion = 46;
	objects = {

/* Begin PBXBuildFile section */
		142DC69D1D23D45A00158DDC /* ocean.png in Resources */ = {isa = PBXBuildFile; fileRef = 142DC69C1D23D45A00158DDC /* ocean.png */; };
		14A22AC81D236B02007DE450 /* AppDelegate.swift in Sources */ = {isa = PBXBuildFile; fileRef = 14A22AC71D236B02007DE450 /* AppDelegate.swift */; };
		14A22ACA1D236B02007DE450 /* ViewController.swift in Sources */ = {isa = PBXBuildFile; fileRef = 14A22AC91D236B02007DE450 /* ViewController.swift */; };
		14A22ACD1D236B02007DE450 /* Main.storyboard in Resources */ = {isa = PBXBuildFile; fileRef = 14A22ACB1D236B02007DE450 /* Main.storyboard */; };
		14A22ACF1D236B02007DE450 /* Assets.xcassets in Resources */ = {isa = PBXBuildFile; fileRef = 14A22ACE1D236B02007DE450 /* Assets.xcassets */; };
		14A22AD21D236B02007DE450 /* LaunchScreen.storyboard in Resources */ = {isa = PBXBuildFile; fileRef = 14A22AD01D236B02007DE450 /* LaunchScreen.storyboard */; };
		14A22ADC1D236BEF007DE450 /* FishView.swift in Sources */ = {isa = PBXBuildFile; fileRef = 14A22ADB1D236BEF007DE450 /* FishView.swift */; };
		14A22ADE1D236C70007DE450 /* HookerView.swift in Sources */ = {isa = PBXBuildFile; fileRef = 14A22ADD1D236C70007DE450 /* HookerView.swift */; };
		14A22AE01D236C8F007DE450 /* GameManager.swift in Sources */ = {isa = PBXBuildFile; fileRef = 14A22ADF1D236C8F007DE450 /* GameManager.swift */; };
		14A22AE31D23781E007DE450 /* fish1.png in Resources */ = {isa = PBXBuildFile; fileRef = 14A22AE11D23781E007DE450 /* fish1.png */; };
		14A22AE41D23781E007DE450 /* hook.png in Resources */ = {isa = PBXBuildFile; fileRef = 14A22AE21D23781E007DE450 /* hook.png */; };
/* End PBXBuildFile section */

/* Begin PBXFileReference section */
		142DC69C1D23D45A00158DDC /* ocean.png */ = {isa = PBXFileReference; lastKnownFileType = image.png; path = ocean.png; sourceTree = "<group>"; };
		14A22AC41D236B02007DE450 /* Fish.app */ = {isa = PBXFileReference; explicitFileType = wrapper.application; includeInIndex = 0; path = Fish.app; sourceTree = BUILT_PRODUCTS_DIR; };
		14A22AC71D236B02007DE450 /* AppDelegate.swift */ = {isa = PBXFileReference; lastKnownFileType = sourcecode.swift; path = AppDelegate.swift; sourceTree = "<group>"; };
		14A22AC91D236B02007DE450 /* ViewController.swift */ = {isa = PBXFileReference; lastKnownFileType = sourcecode.swift; path = ViewController.swift; sourceTree = "<group>"; };
		14A22ACC1D236B02007DE450 /* Base */ = {isa = PBXFileReference; lastKnownFileType = file.storyboard; name = Base; path = Base.lproj/Main.storyboard; sourceTree = "<group>"; };
		14A22ACE1D236B02007DE450 /* Assets.xcassets */ = {isa = PBXFileReference; lastKnownFileType = folder.assetcatalog; path = Assets.xcassets; sourceTree = "<group>"; };
		14A22AD11D236B02007DE450 /* Base */ = {isa = PBXFileReference; lastKnownFileType = file.storyboard; name = Base; path = Base.lproj/LaunchScreen.storyboard; sourceTree = "<group>"; };
		14A22AD31D236B02007DE450 /* Info.plist */ = {isa = PBXFileReference; lastKnownFileType = text.plist.xml; path = Info.plist; sourceTree = "<group>"; };
		14A22ADB1D236BEF007DE450 /* FishView.swift */ = {isa = PBXFileReference; fileEncoding = 4; lastKnownFileType = sourcecode.swift; path = FishView.swift; sourceTree = "<group>"; };
		14A22ADD1D236C70007DE450 /* HookerView.swift */ = {isa = PBXFileReference; fileEncoding = 4; lastKnownFileType = sourcecode.swift; path = HookerView.swift; sourceTree = "<group>"; };
		14A22ADF1D236C8F007DE450 /* GameManager.swift */ = {isa = PBXFileReference; fileEncoding = 4; lastKnownFileType = sourcecode.swift; path = GameManager.swift; sourceTree = "<group>"; };
		14A22AE11D23781E007DE450 /* fish1.png */ = {isa = PBXFileReference; lastKnownFileType = image.png; path = fish1.png; sourceTree = "<group>"; };
		14A22AE21D23781E007DE450 /* hook.png */ = {isa = PBXFileReference; lastKnownFileType = image.png; path = hook.png; sourceTree = "<group>"; };
/* End PBXFileReference section */

/* Begin PBXFrameworksBuildPhase section */
		14A22AC11D236B01007DE450 /* Frameworks */ = {
			isa = PBXFrameworksBuildPhase;
			buildActionMask = 2147483647;
			files = (
			);
			runOnlyForDeploymentPostprocessing = 0;
		};
/* End PBXFrameworksBuildPhase section */

/* Begin PBXGroup section */
		14A22ABB1D236B01007DE450 = {
			isa = PBXGroup;
			children = (
				14A22AC61D236B02007DE450 /* Fish */,
				14A22AC51D236B02007DE450 /* Products */,
			);
			sourceTree = "<group>";
		};
		14A22AC51D236B02007DE450 /* Products */ = {
			isa = PBXGroup;
			children = (
				14A22AC41D236B02007DE450 /* Fish.app */,
			);
			name = Products;
			sourceTree = "<group>";
		};
		14A22AC61D236B02007DE450 /* Fish */ = {
			isa = PBXGroup;
			children = (
				142DC69C1D23D45A00158DDC /* ocean.png */,
				14A22AE11D23781E007DE450 /* fish1.png */,
				14A22AE21D23781E007DE450 /* hook.png */,
				14A22AC71D236B02007DE450 /* AppDelegate.swift */,
				14A22AC91D236B02007DE450 /* ViewController.swift */,
				14A22ADD1D236C70007DE450 /* HookerView.swift */,
				14A22ADB1D236BEF007DE450 /* FishView.swift */,
				14A22ADF1D236C8F007DE450 /* GameManager.swift */,
				14A22ACB1D236B02007DE450 /* Main.storyboard */,
				14A22ACE1D236B02007DE450 /* Assets.xcassets */,
				14A22AD01D236B02007DE450 /* LaunchScreen.storyboard */,
				14A22AD31D236B02007DE450 /* Info.plist */,
			);
			path = Fish;
			sourceTree = "<group>";
		};
/* End PBXGroup section */

/* Begin PBXNativeTarget section */
		14A22AC31D236B01007DE450 /* Fish */ = {
			isa = PBXNativeTarget;
			buildConfigurationList = 14A22AD61D236B02007DE450 /* Build configuration list for PBXNativeTarget "Fish" */;
			buildPhases = (
				14A22AC01D236B01007DE450 /* Sources */,
				14A22AC11D236B01007DE450 /* Frameworks */,
				14A22AC21D236B01007DE450 /* Resources */,
			);
			buildRules = (
			);
			dependencies = (
			);
			name = Fish;
			productName = Fish;
			productReference = 14A22AC41D236B02007DE450 /* Fish.app */;
			productType = "com.apple.product-type.application";
		};
/* End PBXNativeTarget section */

/* Begin PBXProject section */
		14A22ABC1D236B01007DE450 /* Project object */ = {
			isa = PBXProject;
			attributes = {
				LastSwiftUpdateCheck = 0730;
				LastUpgradeCheck = 0730;
				ORGANIZATIONNAME = MyStudio;
				TargetAttributes = {
					14A22AC31D236B01007DE450 = {
						CreatedOnToolsVersion = 7.3.1;
					};
				};
			};
			buildConfigurationList = 14A22ABF1D236B01007DE450 /* Build configuration list for PBXProject "Fish" */;
			compatibilityVersion = "Xcode 3.2";
			developmentRegion = English;
			hasScannedForEncodings = 0;
			knownRegions = (
				en,
				Base,
			);
			mainGroup = 14A22ABB1D236B01007DE450;
			productRefGroup = 14A22AC51D236B02007DE450 /* Products */;
			projectDirPath = "";
			projectRoot = "";
			targets = (
				14A22AC31D236B01007DE450 /* Fish */,
			);
		};
/* End PBXProject section */

/* Begin PBXResourcesBuildPhase section */
		14A22AC21D236B01007DE450 /* Resources */ = {
			isa = PBXResourcesBuildPhase;
			buildActionMask = 2147483647;
			files = (
				14A22AD21D236B02007DE450 /* LaunchScreen.storyboard in Resources */,
				14A22AE41D23781E007DE450 /* hook.png in Resources */,
				14A22ACF1D236B02007DE450 /* Assets.xcassets in Resources */,
				14A22ACD1D236B02007DE450 /* Main.storyboard in Resources */,
				142DC69D1D23D45A00158DDC /* ocean.png in Resources */,
				14A22AE31D23781E007DE450 /* fish1.png in Resources */,
			);
			runOnlyForDeploymentPostprocessing = 0;
		};
/* End PBXResourcesBuildPhase section */

/* Begin PBXSourcesBuildPhase section */
		14A22AC01D236B01007DE450 /* Sources */ = {
			isa = PBXSourcesBuildPhase;
			buildActionMask = 2147483647;
			files = (
				14A22ACA1D236B02007DE450 /* ViewController.swift in Sources */,
				14A22AC81D236B02007DE450 /* AppDelegate.swift in Sources */,
				14A22ADE1D236C70007DE450 /* HookerView.swift in Sources */,
				14A22ADC1D236BEF007DE450 /* FishView.swift in Sources */,
				14A22AE01D236C8F007DE450 /* GameManager.swift in Sources */,
			);
			runOnlyForDeploymentPostprocessing = 0;
		};
/* End PBXSourcesBuildPhase section */

/* Begin PBXVariantGroup section */
		14A22ACB1D236B02007DE450 /* Main.storyboard */ = {
			isa = PBXVariantGroup;
			children = (
				14A22ACC1D236B02007DE450 /* Base */,
			);
			name = Main.storyboard;
			sourceTree = "<group>";
		};
		14A22AD01D236B02007DE450 /* LaunchScreen.storyboard */ = {
			isa = PBXVariantGroup;
			children = (
				14A22AD11D236B02007DE450 /* Base */,
			);
			name = LaunchScreen.storyboard;
			sourceTree = "<group>";
		};
/* End PBXVariantGroup section */

/* Begin XCBuildConfiguration section */
		14A22AD41D236B02007DE450 /* Debug */ = {
			isa = XCBuildConfiguration;
			buildSettings = {
				ALWAYS_SEARCH_USER_PATHS = NO;
				CLANG_ANALYZER_NONNULL = YES;
				CLANG_CXX_LANGUAGE_STANDARD = "gnu++0x";
				CLANG_CXX_LIBRARY = "libc++";
				CLANG_ENABLE_MODULES = YES;
				CLANG_ENABLE_OBJC_ARC = YES;
				CLANG_WARN_BOOL_CONVERSION = YES;
				CLANG_WARN_CONSTANT_CONVERSION = YES;
				CLANG_WARN_DIRECT_OBJC_ISA_USAGE = YES_ERROR;
				CLANG_WARN_EMPTY_BODY = YES;
				CLANG_WARN_ENUM_CONVERSION = YES;
				CLANG_WARN_INT_CONVERSION = YES;
				CLANG_WARN_OBJC_ROOT_CLASS = YES_ERROR;
				CLANG_WARN_UNREACHABLE_CODE = YES;
				CLANG_WARN__DUPLICATE_METHOD_MATCH = YES;
				"CODE_SIGN_IDENTITY[sdk=iphoneos*]" = "iPhone Developer";
				COPY_PHASE_STRIP = NO;
				DEBUG_INFORMATION_FORMAT = dwarf;
				ENABLE_STRICT_OBJC_MSGSEND = YES;
				ENABLE_TESTABILITY = YES;
				GCC_C_LANGUAGE_STANDARD = gnu99;
				GCC_DYNAMIC_NO_PIC = NO;
				GCC_NO_COMMON_BLOCKS = YES;
				GCC_OPTIMIZATION_LEVEL = 0;
				GCC_PREPROCESSOR_DEFINITIONS = (
					"DEBUG=1",
					"$(inherited)",
				);
				GCC_WARN_64_TO_32_BIT_CONVERSION = YES;
				GCC_WARN_ABOUT_RETURN_TYPE = YES_ERROR;
				GCC_WARN_UNDECLARED_SELECTOR = YES;
				GCC_WARN_UNINITIALIZED_AUTOS = YES_AGGRESSIVE;
				GCC_WARN_UNUSED_FUNCTION = YES;
				GCC_WARN_UNUSED_VARIABLE = YES;
				IPHONEOS_DEPLOYMENT_TARGET = 9.3;
				MTL_ENABLE_DEBUG_INFO = YES;
				ONLY_ACTIVE_ARCH = YES;
				SDKROOT = iphoneos;
				SWIFT_OPTIMIZATION_LEVEL = "-Onone";
				TARGETED_DEVICE_FAMILY = "1,2";
			};
			name = Debug;
		};
		14A22AD51D236B02007DE450 /* Release */ = {
			isa = XCBuildConfiguration;
			buildSettings = {
				ALWAYS_SEARCH_USER_PATHS = NO;
				CLANG_ANALYZER_NONNULL = YES;
				CLANG_CXX_LANGUAGE_STANDARD = "gnu++0x";
				CLANG_CXX_LIBRARY = "libc++";
				CLANG_ENABLE_MODULES = YES;
				CLANG_ENABLE_OBJC_ARC = YES;
				CLANG_WARN_BOOL_CONVERSION = YES;
				CLANG_WARN_CONSTANT_CONVERSION = YES;
				CLANG_WARN_DIRECT_OBJC_ISA_USAGE = YES_ERROR;
				CLANG_WARN_EMPTY_BODY = YES;
				CLANG_WARN_ENUM_CONVERSION = YES;
				CLANG_WARN_INT_CONVERSION = YES;
				CLANG_WARN_OBJC_ROOT_CLASS = YES_ERROR;
				CLANG_WARN_UNREACHABLE_CODE = YES;
				CLANG_WARN__DUPLICATE_METHOD_MATCH = YES;
				"CODE_SIGN_IDENTITY[sdk=iphoneos*]" = "iPhone Developer";
				COPY_PHASE_STRIP = NO;
				DEBUG_INFORMATION_FORMAT = "dwarf-with-dsym";
				ENABLE_NS_ASSERTIONS = NO;
				ENABLE_STRICT_OBJC_MSGSEND = YES;
				GCC_C_LANGUAGE_STANDARD = gnu99;
				GCC_NO_COMMON_BLOCKS = YES;
				GCC_WARN_64_TO_32_BIT_CONVERSION = YES;
				GCC_WARN_ABOUT_RETURN_TYPE = YES_ERROR;
				GCC_WARN_UNDECLARED_SELECTOR = YES;
				GCC_WARN_UNINITIALIZED_AUTOS = YES_AGGRESSIVE;
				GCC_WARN_UNUSED_FUNCTION = YES;
				GCC_WARN_UNUSED_VARIABLE = YES;
				IPHONEOS_DEPLOYMENT_TARGET = 9.3;
				MTL_ENABLE_DEBUG_INFO = NO;
				SDKROOT = iphoneos;
				TARGETED_DEVICE_FAMILY = "1,2";
				VALIDATE_PRODUCT = YES;
			};
			name = Release;
		};
		14A22AD71D236B02007DE450 /* Debug */ = {
			isa = XCBuildConfiguration;
			buildSettings = {
				ASSETCATALOG_COMPILER_APPICON_NAME = AppIcon;
				INFOPLIST_FILE = Fish/Info.plist;
				LD_RUNPATH_SEARCH_PATHS = "$(inherited) @executable_path/Frameworks";
				PRODUCT_BUNDLE_IDENTIFIER = com.MyStudio.Fish;
				PRODUCT_NAME = "$(TARGET_NAME)";
			};
			name = Debug;
		};
		14A22AD81D236B02007DE450 /* Release */ = {
			isa = XCBuildConfiguration;
			buildSettings = {
				ASSETCATALOG_COMPILER_APPICON_NAME = AppIcon;
				INFOPLIST_FILE = Fish/Info.plist;
				LD_RUNPATH_SEARCH_PATHS = "$(inherited) @executable_path/Frameworks";
				PRODUCT_BUNDLE_IDENTIFIER = com.MyStudio.Fish;
				PRODUCT_NAME = "$(TARGET_NAME)";
			};
			name = Release;
		};
/* End XCBuildConfiguration section */

/* Begin XCConfigurationList section */
		14A22ABF1D236B01007DE450 /* Build configuration list for PBXProject "Fish" */ = {
			isa = XCConfigurationList;
			buildConfigurations = (
				14A22AD41D236B02007DE450 /* Debug */,
				14A22AD51D236B02007DE450 /* Release */,
			);
			defaultConfigurationIsVisible = 0;
			defaultConfigurationName = Release;
		};
		14A22AD61D236B02007DE450 /* Build configuration list for PBXNativeTarget "Fish" */ = {
			isa = XCConfigurationList;
			buildConfigurations = (
				14A22AD71D236B02007DE450 /* Debug */,
				14A22AD81D236B02007DE450 /* Release */,
			);
			defaultConfigurationIsVisible = 0;
			defaultConfigurationName = Release;
		};
/* End XCConfigurationList section */
	};
	rootObject = 14A22ABC1D236B01007DE450 /* Project object */;
}
